
Microsoft Visual Studio Solution File, Format Version 12.00
# Visual Studio 14
VisualStudioVersion = 14.0.25420.1
MinimumVisualStudioVersion = 10.0.40219.1
Project("{FAE04EC0-301F-11D3-BF4B-00C04F79EFBC}") = "UnionSwiss.Api", "UnionSwiss.Api\UnionSwiss.Api.csproj", "{7E6472F7-F91D-4E71-BB94-6E4ED8B71B10}"
EndProject
Project("{FAE04EC0-301F-11D3-BF4B-00C04F79EFBC}") = "UnionSwiss.Api.Tests", "UnionSwiss.Api.Tests\UnionSwiss.Api.Tests.csproj", "{8220B58E-E525-4C44-B29E-BB6F3BF1D0C1}"
EndProject
Project("{FAE04EC0-301F-11D3-BF4B-00C04F79EFBC}") = "UnionSwiss.Persistence", "UnionSwiss.Persistence\UnionSwiss.Persistence.csproj", "{D032BE25-1BD8-46B7-9664-8060E0492A8C}"
EndProject
Project("{FAE04EC0-301F-11D3-BF4B-00C04F79EFBC}") = "UnionSwiss.Domain", "UnionSwiss.Domain\UnionSwiss.Domain.csproj", "{8CA07AD7-9B89-4B8B-9CBA-76A10D4C1773}"
EndProject
Project("{FAE04EC0-301F-11D3-BF4B-00C04F79EFBC}") = "UnionSwiss.Service", "UnionSwiss.Service\UnionSwiss.Service.csproj", "{8E2F8EDD-4086-401C-B1B1-C2A20F017C10}"
EndProject
Project("{00D1A9C2-B5F0-4AF3-8072-F6C62B433612}") = "UnionSwiss.Db", "UnionSwiss.Db\UnionSwiss.Db.sqlproj", "{ED92445B-ED84-4C05-8C46-78644D05AA7C}"
EndProject
Project("{2150E333-8FDC-42A3-9474-1A3956D46DE8}") = "DB", "DB", "{B64681BB-F7EA-4E6F-A819-8BE87E414653}"
EndProject
Project("{2150E333-8FDC-42A3-9474-1A3956D46DE8}") = "Test", "Test", "{21D92210-6AAB-4703-9A0F-3081DB8E590B}"
EndProject
Project("{FAE04EC0-301F-11D3-BF4B-00C04F79EFBC}") = "UnionSwiss.Service.Tests", "UnionSwiss.Service.Tests\UnionSwiss.Service.Tests.csproj", "{FB1FC7C7-B5CC-4419-A39C-A6DDD2F9536F}"
EndProject
Project("{FAE04EC0-301F-11D3-BF4B-00C04F79EFBC}") = "UnionSwiss.PersistenceTests", "UnionSwiss.PersistenceTests\UnionSwiss.PersistenceTests.csproj", "{06BE73B8-9977-4A7C-9C01-F3B426A802D6}"
EndProject
Global
	GlobalSection(SolutionConfigurationPlatforms) = preSolution
		Debug|Any CPU = Debug|Any CPU
		Debug|x86 = Debug|x86
		Demo|Any CPU = Demo|Any CPU
		Demo|x86 = Demo|x86
		Dev|Any CPU = Dev|Any CPU
		Dev|x86 = Dev|x86
		Load|Any CPU = Load|Any CPU
		Load|x86 = Load|x86
		QA|Any CPU = QA|Any CPU
		QA|x86 = QA|x86
		Release|Any CPU = Release|Any CPU
		Release|x86 = Release|x86
		Staging|Any CPU = Staging|Any CPU
		Staging|x86 = Staging|x86
	EndGlobalSection
	GlobalSection(ProjectConfigurationPlatforms) = postSolution
		{7E6472F7-F91D-4E71-BB94-6E4ED8B71B10}.Debug|Any CPU.ActiveCfg = Debug|Any CPU
		{7E6472F7-F91D-4E71-BB94-6E4ED8B71B10}.Debug|Any CPU.Build.0 = Debug|Any CPU
		{7E6472F7-F91D-4E71-BB94-6E4ED8B71B10}.Debug|x86.ActiveCfg = Debug|Any CPU
		{7E6472F7-F91D-4E71-BB94-6E4ED8B71B10}.Debug|x86.Build.0 = Debug|Any CPU
		{7E6472F7-F91D-4E71-BB94-6E4ED8B71B10}.Demo|Any CPU.ActiveCfg = Debug|Any CPU
		{7E6472F7-F91D-4E71-BB94-6E4ED8B71B10}.Demo|Any CPU.Build.0 = Debug|Any CPU
		{7E6472F7-F91D-4E71-BB94-6E4ED8B71B10}.Demo|x86.ActiveCfg = Debug|Any CPU
		{7E6472F7-F91D-4E71-BB94-6E4ED8B71B10}.Demo|x86.Build.0 = Debug|Any CPU
		{7E6472F7-F91D-4E71-BB94-6E4ED8B71B10}.Dev|Any CPU.ActiveCfg = Debug|Any CPU
		{7E6472F7-F91D-4E71-BB94-6E4ED8B71B10}.Dev|Any CPU.Build.0 = Debug|Any CPU
		{7E6472F7-F91D-4E71-BB94-6E4ED8B71B10}.Dev|x86.ActiveCfg = Debug|Any CPU
		{7E6472F7-F91D-4E71-BB94-6E4ED8B71B10}.Dev|x86.Build.0 = Debug|Any CPU
		{7E6472F7-F91D-4E71-BB94-6E4ED8B71B10}.Load|Any CPU.ActiveCfg = Release|Any CPU
		{7E6472F7-F91D-4E71-BB94-6E4ED8B71B10}.Load|Any CPU.Build.0 = Release|Any CPU
		{7E6472F7-F91D-4E71-BB94-6E4ED8B71B10}.Load|x86.ActiveCfg = Release|Any CPU
		{7E6472F7-F91D-4E71-BB94-6E4ED8B71B10}.Load|x86.Build.0 = Release|Any CPU
		{7E6472F7-F91D-4E71-BB94-6E4ED8B71B10}.QA|Any CPU.ActiveCfg = Release|Any CPU
		{7E6472F7-F91D-4E71-BB94-6E4ED8B71B10}.QA|Any CPU.Build.0 = Release|Any CPU
		{7E6472F7-F91D-4E71-BB94-6E4ED8B71B10}.QA|x86.ActiveCfg = Release|Any CPU
		{7E6472F7-F91D-4E71-BB94-6E4ED8B71B10}.QA|x86.Build.0 = Release|Any CPU
		{7E6472F7-F91D-4E71-BB94-6E4ED8B71B10}.Release|Any CPU.ActiveCfg = Release|Any CPU
		{7E6472F7-F91D-4E71-BB94-6E4ED8B71B10}.Release|Any CPU.Build.0 = Release|Any CPU
		{7E6472F7-F91D-4E71-BB94-6E4ED8B71B10}.Release|x86.ActiveCfg = Release|Any CPU
		{7E6472F7-F91D-4E71-BB94-6E4ED8B71B10}.Release|x86.Build.0 = Release|Any CPU
		{7E6472F7-F91D-4E71-BB94-6E4ED8B71B10}.Staging|Any CPU.ActiveCfg = Release|Any CPU
		{7E6472F7-F91D-4E71-BB94-6E4ED8B71B10}.Staging|Any CPU.Build.0 = Release|Any CPU
		{7E6472F7-F91D-4E71-BB94-6E4ED8B71B10}.Staging|x86.ActiveCfg = Release|Any CPU
		{7E6472F7-F91D-4E71-BB94-6E4ED8B71B10}.Staging|x86.Build.0 = Release|Any CPU
		{8220B58E-E525-4C44-B29E-BB6F3BF1D0C1}.Debug|Any CPU.ActiveCfg = Debug|Any CPU
		{8220B58E-E525-4C44-B29E-BB6F3BF1D0C1}.Debug|Any CPU.Build.0 = Debug|Any CPU
		{8220B58E-E525-4C44-B29E-BB6F3BF1D0C1}.Debug|x86.ActiveCfg = Debug|Any CPU
		{8220B58E-E525-4C44-B29E-BB6F3BF1D0C1}.Debug|x86.Build.0 = Debug|Any CPU
		{8220B58E-E525-4C44-B29E-BB6F3BF1D0C1}.Demo|Any CPU.ActiveCfg = Debug|Any CPU
		{8220B58E-E525-4C44-B29E-BB6F3BF1D0C1}.Demo|Any CPU.Build.0 = Debug|Any CPU
		{8220B58E-E525-4C44-B29E-BB6F3BF1D0C1}.Demo|x86.ActiveCfg = Debug|Any CPU
		{8220B58E-E525-4C44-B29E-BB6F3BF1D0C1}.Demo|x86.Build.0 = Debug|Any CPU
		{8220B58E-E525-4C44-B29E-BB6F3BF1D0C1}.Dev|Any CPU.ActiveCfg = Debug|Any CPU
		{8220B58E-E525-4C44-B29E-BB6F3BF1D0C1}.Dev|Any CPU.Build.0 = Debug|Any CPU
		{8220B58E-E525-4C44-B29E-BB6F3BF1D0C1}.Dev|x86.ActiveCfg = Debug|Any CPU
		{8220B58E-E525-4C44-B29E-BB6F3BF1D0C1}.Dev|x86.Build.0 = Debug|Any CPU
		{8220B58E-E525-4C44-B29E-BB6F3BF1D0C1}.Load|Any CPU.ActiveCfg = Release|Any CPU
		{8220B58E-E525-4C44-B29E-BB6F3BF1D0C1}.Load|Any CPU.Build.0 = Release|Any CPU
		{8220B58E-E525-4C44-B29E-BB6F3BF1D0C1}.Load|x86.ActiveCfg = Release|Any CPU
		{8220B58E-E525-4C44-B29E-BB6F3BF1D0C1}.Load|x86.Build.0 = Release|Any CPU
		{8220B58E-E525-4C44-B29E-BB6F3BF1D0C1}.QA|Any CPU.ActiveCfg = Release|Any CPU
		{8220B58E-E525-4C44-B29E-BB6F3BF1D0C1}.QA|Any CPU.Build.0 = Release|Any CPU
		{8220B58E-E525-4C44-B29E-BB6F3BF1D0C1}.QA|x86.ActiveCfg = Release|Any CPU
		{8220B58E-E525-4C44-B29E-BB6F3BF1D0C1}.QA|x86.Build.0 = Release|Any CPU
		{8220B58E-E525-4C44-B29E-BB6F3BF1D0C1}.Release|Any CPU.ActiveCfg = Release|Any CPU
		{8220B58E-E525-4C44-B29E-BB6F3BF1D0C1}.Release|Any CPU.Build.0 = Release|Any CPU
		{8220B58E-E525-4C44-B29E-BB6F3BF1D0C1}.Release|x86.ActiveCfg = Release|Any CPU
		{8220B58E-E525-4C44-B29E-BB6F3BF1D0C1}.Release|x86.Build.0 = Release|Any CPU
		{8220B58E-E525-4C44-B29E-BB6F3BF1D0C1}.Staging|Any CPU.ActiveCfg = Release|Any CPU
		{8220B58E-E525-4C44-B29E-BB6F3BF1D0C1}.Staging|Any CPU.Build.0 = Release|Any CPU
		{8220B58E-E525-4C44-B29E-BB6F3BF1D0C1}.Staging|x86.ActiveCfg = Release|Any CPU
		{8220B58E-E525-4C44-B29E-BB6F3BF1D0C1}.Staging|x86.Build.0 = Release|Any CPU
		{D032BE25-1BD8-46B7-9664-8060E0492A8C}.Debug|Any CPU.ActiveCfg = Debug|Any CPU
		{D032BE25-1BD8-46B7-9664-8060E0492A8C}.Debug|Any CPU.Build.0 = Debug|Any CPU
		{D032BE25-1BD8-46B7-9664-8060E0492A8C}.Debug|x86.ActiveCfg = Debug|Any CPU
		{D032BE25-1BD8-46B7-9664-8060E0492A8C}.Debug|x86.Build.0 = Debug|Any CPU
		{D032BE25-1BD8-46B7-9664-8060E0492A8C}.Demo|Any CPU.ActiveCfg = Debug|Any CPU
		{D032BE25-1BD8-46B7-9664-8060E0492A8C}.Demo|Any CPU.Build.0 = Debug|Any CPU
		{D032BE25-1BD8-46B7-9664-8060E0492A8C}.Demo|x86.ActiveCfg = Debug|Any CPU
		{D032BE25-1BD8-46B7-9664-8060E0492A8C}.Demo|x86.Build.0 = Debug|Any CPU
		{D032BE25-1BD8-46B7-9664-8060E0492A8C}.Dev|Any CPU.ActiveCfg = Debug|Any CPU
		{D032BE25-1BD8-46B7-9664-8060E0492A8C}.Dev|Any CPU.Build.0 = Debug|Any CPU
		{D032BE25-1BD8-46B7-9664-8060E0492A8C}.Dev|x86.ActiveCfg = Debug|Any CPU
		{D032BE25-1BD8-46B7-9664-8060E0492A8C}.Dev|x86.Build.0 = Debug|Any CPU
		{D032BE25-1BD8-46B7-9664-8060E0492A8C}.Load|Any CPU.ActiveCfg = Release|Any CPU
		{D032BE25-1BD8-46B7-9664-8060E0492A8C}.Load|Any CPU.Build.0 = Release|Any CPU
		{D032BE25-1BD8-46B7-9664-8060E0492A8C}.Load|x86.ActiveCfg = Release|Any CPU
		{D032BE25-1BD8-46B7-9664-8060E0492A8C}.Load|x86.Build.0 = Release|Any CPU
		{D032BE25-1BD8-46B7-9664-8060E0492A8C}.QA|Any CPU.ActiveCfg = Release|Any CPU
		{D032BE25-1BD8-46B7-9664-8060E0492A8C}.QA|Any CPU.Build.0 = Release|Any CPU
		{D032BE25-1BD8-46B7-9664-8060E0492A8C}.QA|x86.ActiveCfg = Release|Any CPU
		{D032BE25-1BD8-46B7-9664-8060E0492A8C}.QA|x86.Build.0 = Release|Any CPU
		{D032BE25-1BD8-46B7-9664-8060E0492A8C}.Release|Any CPU.ActiveCfg = Release|Any CPU
		{D032BE25-1BD8-46B7-9664-8060E0492A8C}.Release|Any CPU.Build.0 = Release|Any CPU
		{D032BE25-1BD8-46B7-9664-8060E0492A8C}.Release|x86.ActiveCfg = Release|Any CPU
		{D032BE25-1BD8-46B7-9664-8060E0492A8C}.Release|x86.Build.0 = Release|Any CPU
		{D032BE25-1BD8-46B7-9664-8060E0492A8C}.Staging|Any CPU.ActiveCfg = Release|Any CPU
		{D032BE25-1BD8-46B7-9664-8060E0492A8C}.Staging|Any CPU.Build.0 = Release|Any CPU
		{D032BE25-1BD8-46B7-9664-8060E0492A8C}.Staging|x86.ActiveCfg = Release|Any CPU
		{D032BE25-1BD8-46B7-9664-8060E0492A8C}.Staging|x86.Build.0 = Release|Any CPU
		{8CA07AD7-9B89-4B8B-9CBA-76A10D4C1773}.Debug|Any CPU.ActiveCfg = Debug|Any CPU
		{8CA07AD7-9B89-4B8B-9CBA-76A10D4C1773}.Debug|Any CPU.Build.0 = Debug|Any CPU
		{8CA07AD7-9B89-4B8B-9CBA-76A10D4C1773}.Debug|x86.ActiveCfg = Debug|Any CPU
		{8CA07AD7-9B89-4B8B-9CBA-76A10D4C1773}.Debug|x86.Build.0 = Debug|Any CPU
		{8CA07AD7-9B89-4B8B-9CBA-76A10D4C1773}.Demo|Any CPU.ActiveCfg = Debug|Any CPU
		{8CA07AD7-9B89-4B8B-9CBA-76A10D4C1773}.Demo|Any CPU.Build.0 = Debug|Any CPU
		{8CA07AD7-9B89-4B8B-9CBA-76A10D4C1773}.Demo|x86.ActiveCfg = Debug|Any CPU
		{8CA07AD7-9B89-4B8B-9CBA-76A10D4C1773}.Demo|x86.Build.0 = Debug|Any CPU
		{8CA07AD7-9B89-4B8B-9CBA-76A10D4C1773}.Dev|Any CPU.ActiveCfg = Debug|Any CPU
		{8CA07AD7-9B89-4B8B-9CBA-76A10D4C1773}.Dev|Any CPU.Build.0 = Debug|Any CPU
		{8CA07AD7-9B89-4B8B-9CBA-76A10D4C1773}.Dev|x86.ActiveCfg = Debug|Any CPU
		{8CA07AD7-9B89-4B8B-9CBA-76A10D4C1773}.Dev|x86.Build.0 = Debug|Any CPU
		{8CA07AD7-9B89-4B8B-9CBA-76A10D4C1773}.Load|Any CPU.ActiveCfg = Release|Any CPU
		{8CA07AD7-9B89-4B8B-9CBA-76A10D4C1773}.Load|Any CPU.Build.0 = Release|Any CPU
		{8CA07AD7-9B89-4B8B-9CBA-76A10D4C1773}.Load|x86.ActiveCfg = Release|Any CPU
		{8CA07AD7-9B89-4B8B-9CBA-76A10D4C1773}.Load|x86.Build.0 = Release|Any CPU
		{8CA07AD7-9B89-4B8B-9CBA-76A10D4C1773}.QA|Any CPU.ActiveCfg = Release|Any CPU
		{8CA07AD7-9B89-4B8B-9CBA-76A10D4C1773}.QA|Any CPU.Build.0 = Release|Any CPU
		{8CA07AD7-9B89-4B8B-9CBA-76A10D4C1773}.QA|x86.ActiveCfg = Release|Any CPU
		{8CA07AD7-9B89-4B8B-9CBA-76A10D4C1773}.QA|x86.Build.0 = Release|Any CPU
		{8CA07AD7-9B89-4B8B-9CBA-76A10D4C1773}.Release|Any CPU.ActiveCfg = Release|Any CPU
		{8CA07AD7-9B89-4B8B-9CBA-76A10D4C1773}.Release|Any CPU.Build.0 = Release|Any CPU
		{8CA07AD7-9B89-4B8B-9CBA-76A10D4C1773}.Release|x86.ActiveCfg = Release|Any CPU
		{8CA07AD7-9B89-4B8B-9CBA-76A10D4C1773}.Release|x86.Build.0 = Release|Any CPU
		{8CA07AD7-9B89-4B8B-9CBA-76A10D4C1773}.Staging|Any CPU.ActiveCfg = Release|Any CPU
		{8CA07AD7-9B89-4B8B-9CBA-76A10D4C1773}.Staging|Any CPU.Build.0 = Release|Any CPU
		{8CA07AD7-9B89-4B8B-9CBA-76A10D4C1773}.Staging|x86.ActiveCfg = Release|Any CPU
		{8CA07AD7-9B89-4B8B-9CBA-76A10D4C1773}.Staging|x86.Build.0 = Release|Any CPU
		{8E2F8EDD-4086-401C-B1B1-C2A20F017C10}.Debug|Any CPU.ActiveCfg = Debug|Any CPU
		{8E2F8EDD-4086-401C-B1B1-C2A20F017C10}.Debug|Any CPU.Build.0 = Debug|Any CPU
		{8E2F8EDD-4086-401C-B1B1-C2A20F017C10}.Debug|x86.ActiveCfg = Debug|Any CPU
		{8E2F8EDD-4086-401C-B1B1-C2A20F017C10}.Debug|x86.Build.0 = Debug|Any CPU
		{8E2F8EDD-4086-401C-B1B1-C2A20F017C10}.Demo|Any CPU.ActiveCfg = Debug|Any CPU
		{8E2F8EDD-4086-401C-B1B1-C2A20F017C10}.Demo|Any CPU.Build.0 = Debug|Any CPU
		{8E2F8EDD-4086-401C-B1B1-C2A20F017C10}.Demo|x86.ActiveCfg = Debug|Any CPU
		{8E2F8EDD-4086-401C-B1B1-C2A20F017C10}.Demo|x86.Build.0 = Debug|Any CPU
		{8E2F8EDD-4086-401C-B1B1-C2A20F017C10}.Dev|Any CPU.ActiveCfg = Debug|Any CPU
		{8E2F8EDD-4086-401C-B1B1-C2A20F017C10}.Dev|Any CPU.Build.0 = Debug|Any CPU
		{8E2F8EDD-4086-401C-B1B1-C2A20F017C10}.Dev|x86.ActiveCfg = Debug|Any CPU
		{8E2F8EDD-4086-401C-B1B1-C2A20F017C10}.Dev|x86.Build.0 = Debug|Any CPU
		{8E2F8EDD-4086-401C-B1B1-C2A20F017C10}.Load|Any CPU.ActiveCfg = Release|Any CPU
		{8E2F8EDD-4086-401C-B1B1-C2A20F017C10}.Load|Any CPU.Build.0 = Release|Any CPU
		{8E2F8EDD-4086-401C-B1B1-C2A20F017C10}.Load|x86.ActiveCfg = Release|Any CPU
		{8E2F8EDD-4086-401C-B1B1-C2A20F017C10}.Load|x86.Build.0 = Release|Any CPU
		{8E2F8EDD-4086-401C-B1B1-C2A20F017C10}.QA|Any CPU.ActiveCfg = Release|Any CPU
		{8E2F8EDD-4086-401C-B1B1-C2A20F017C10}.QA|Any CPU.Build.0 = Release|Any CPU
		{8E2F8EDD-4086-401C-B1B1-C2A20F017C10}.QA|x86.ActiveCfg = Release|Any CPU
		{8E2F8EDD-4086-401C-B1B1-C2A20F017C10}.QA|x86.Build.0 = Release|Any CPU
		{8E2F8EDD-4086-401C-B1B1-C2A20F017C10}.Release|Any CPU.ActiveCfg = Release|Any CPU
		{8E2F8EDD-4086-401C-B1B1-C2A20F017C10}.Release|Any CPU.Build.0 = Release|Any CPU
		{8E2F8EDD-4086-401C-B1B1-C2A20F017C10}.Release|x86.ActiveCfg = Release|Any CPU
		{8E2F8EDD-4086-401C-B1B1-C2A20F017C10}.Release|x86.Build.0 = Release|Any CPU
		{8E2F8EDD-4086-401C-B1B1-C2A20F017C10}.Staging|Any CPU.ActiveCfg = Release|Any CPU
		{8E2F8EDD-4086-401C-B1B1-C2A20F017C10}.Staging|Any CPU.Build.0 = Release|Any CPU
		{8E2F8EDD-4086-401C-B1B1-C2A20F017C10}.Staging|x86.ActiveCfg = Release|Any CPU
		{8E2F8EDD-4086-401C-B1B1-C2A20F017C10}.Staging|x86.Build.0 = Release|Any CPU
		{ED92445B-ED84-4C05-8C46-78644D05AA7C}.Debug|Any CPU.ActiveCfg = Debug|Any CPU
		{ED92445B-ED84-4C05-8C46-78644D05AA7C}.Debug|Any CPU.Build.0 = Debug|Any CPU
		{ED92445B-ED84-4C05-8C46-78644D05AA7C}.Debug|Any CPU.Deploy.0 = Debug|Any CPU
		{ED92445B-ED84-4C05-8C46-78644D05AA7C}.Debug|x86.ActiveCfg = Debug|Any CPU
		{ED92445B-ED84-4C05-8C46-78644D05AA7C}.Debug|x86.Build.0 = Debug|Any CPU
		{ED92445B-ED84-4C05-8C46-78644D05AA7C}.Debug|x86.Deploy.0 = Debug|Any CPU
		{ED92445B-ED84-4C05-8C46-78644D05AA7C}.Demo|Any CPU.ActiveCfg = Debug|Any CPU
		{ED92445B-ED84-4C05-8C46-78644D05AA7C}.Demo|Any CPU.Build.0 = Debug|Any CPU
		{ED92445B-ED84-4C05-8C46-78644D05AA7C}.Demo|Any CPU.Deploy.0 = Debug|Any CPU
		{ED92445B-ED84-4C05-8C46-78644D05AA7C}.Demo|x86.ActiveCfg = Debug|Any CPU
		{ED92445B-ED84-4C05-8C46-78644D05AA7C}.Demo|x86.Build.0 = Debug|Any CPU
		{ED92445B-ED84-4C05-8C46-78644D05AA7C}.Demo|x86.Deploy.0 = Debug|Any CPU
		{ED92445B-ED84-4C05-8C46-78644D05AA7C}.Dev|Any CPU.ActiveCfg = Debug|Any CPU
		{ED92445B-ED84-4C05-8C46-78644D05AA7C}.Dev|Any CPU.Build.0 = Debug|Any CPU
		{ED92445B-ED84-4C05-8C46-78644D05AA7C}.Dev|Any CPU.Deploy.0 = Debug|Any CPU
		{ED92445B-ED84-4C05-8C46-78644D05AA7C}.Dev|x86.ActiveCfg = Debug|Any CPU
		{ED92445B-ED84-4C05-8C46-78644D05AA7C}.Dev|x86.Build.0 = Debug|Any CPU
		{ED92445B-ED84-4C05-8C46-78644D05AA7C}.Dev|x86.Deploy.0 = Debug|Any CPU
		{ED92445B-ED84-4C05-8C46-78644D05AA7C}.Load|Any CPU.ActiveCfg = Debug|Any CPU
		{ED92445B-ED84-4C05-8C46-78644D05AA7C}.Load|Any CPU.Build.0 = Debug|Any CPU
		{ED92445B-ED84-4C05-8C46-78644D05AA7C}.Load|Any CPU.Deploy.0 = Debug|Any CPU
		{ED92445B-ED84-4C05-8C46-78644D05AA7C}.Load|x86.ActiveCfg = Debug|Any CPU
		{ED92445B-ED84-4C05-8C46-78644D05AA7C}.Load|x86.Build.0 = Debug|Any CPU
		{ED92445B-ED84-4C05-8C46-78644D05AA7C}.Load|x86.Deploy.0 = Debug|Any CPU
		{ED92445B-ED84-4C05-8C46-78644D05AA7C}.QA|Any CPU.ActiveCfg = Debug|Any CPU
		{ED92445B-ED84-4C05-8C46-78644D05AA7C}.QA|Any CPU.Build.0 = Debug|Any CPU
		{ED92445B-ED84-4C05-8C46-78644D05AA7C}.QA|Any CPU.Deploy.0 = Debug|Any CPU
		{ED92445B-ED84-4C05-8C46-78644D05AA7C}.QA|x86.ActiveCfg = Debug|Any CPU
		{ED92445B-ED84-4C05-8C46-78644D05AA7C}.QA|x86.Build.0 = Debug|Any CPU
		{ED92445B-ED84-4C05-8C46-78644D05AA7C}.QA|x86.Deploy.0 = Debug|Any CPU
		{ED92445B-ED84-4C05-8C46-78644D05AA7C}.Release|Any CPU.ActiveCfg = Release|Any CPU
		{ED92445B-ED84-4C05-8C46-78644D05AA7C}.Release|Any CPU.Build.0 = Release|Any CPU
		{ED92445B-ED84-4C05-8C46-78644D05AA7C}.Release|Any CPU.Deploy.0 = Release|Any CPU
		{ED92445B-ED84-4C05-8C46-78644D05AA7C}.Release|x86.ActiveCfg = Release|Any CPU
		{ED92445B-ED84-4C05-8C46-78644D05AA7C}.Release|x86.Build.0 = Release|Any CPU
		{ED92445B-ED84-4C05-8C46-78644D05AA7C}.Release|x86.Deploy.0 = Release|Any CPU
		{ED92445B-ED84-4C05-8C46-78644D05AA7C}.Staging|Any CPU.ActiveCfg = Debug|Any CPU
		{ED92445B-ED84-4C05-8C46-78644D05AA7C}.Staging|Any CPU.Build.0 = Debug|Any CPU
		{ED92445B-ED84-4C05-8C46-78644D05AA7C}.Staging|Any CPU.Deploy.0 = Debug|Any CPU
		{ED92445B-ED84-4C05-8C46-78644D05AA7C}.Staging|x86.ActiveCfg = Debug|Any CPU
		{ED92445B-ED84-4C05-8C46-78644D05AA7C}.Staging|x86.Build.0 = Debug|Any CPU
		{ED92445B-ED84-4C05-8C46-78644D05AA7C}.Staging|x86.Deploy.0 = Debug|Any CPU
		{FB1FC7C7-B5CC-4419-A39C-A6DDD2F9536F}.Debug|Any CPU.ActiveCfg = Debug|Any CPU
		{FB1FC7C7-B5CC-4419-A39C-A6DDD2F9536F}.Debug|Any CPU.Build.0 = Debug|Any CPU
		{FB1FC7C7-B5CC-4419-A39C-A6DDD2F9536F}.Debug|x86.ActiveCfg = Debug|Any CPU
		{FB1FC7C7-B5CC-4419-A39C-A6DDD2F9536F}.Debug|x86.Build.0 = Debug|Any CPU
		{FB1FC7C7-B5CC-4419-A39C-A6DDD2F9536F}.Demo|Any CPU.ActiveCfg = Debug|Any CPU
		{FB1FC7C7-B5CC-4419-A39C-A6DDD2F9536F}.Demo|Any CPU.Build.0 = Debug|Any CPU
		{FB1FC7C7-B5CC-4419-A39C-A6DDD2F9536F}.Demo|x86.ActiveCfg = Debug|Any CPU
		{FB1FC7C7-B5CC-4419-A39C-A6DDD2F9536F}.Demo|x86.Build.0 = Debug|Any CPU
		{FB1FC7C7-B5CC-4419-A39C-A6DDD2F9536F}.Dev|Any CPU.ActiveCfg = Debug|Any CPU
		{FB1FC7C7-B5CC-4419-A39C-A6DDD2F9536F}.Dev|Any CPU.Build.0 = Debug|Any CPU
		{FB1FC7C7-B5CC-4419-A39C-A6DDD2F9536F}.Dev|x86.ActiveCfg = Debug|Any CPU
		{FB1FC7C7-B5CC-4419-A39C-A6DDD2F9536F}.Dev|x86.Build.0 = Debug|Any CPU
		{FB1FC7C7-B5CC-4419-A39C-A6DDD2F9536F}.Load|Any CPU.ActiveCfg = Release|Any CPU
		{FB1FC7C7-B5CC-4419-A39C-A6DDD2F9536F}.Load|Any CPU.Build.0 = Release|Any CPU
		{FB1FC7C7-B5CC-4419-A39C-A6DDD2F9536F}.Load|x86.ActiveCfg = Release|Any CPU
		{FB1FC7C7-B5CC-4419-A39C-A6DDD2F9536F}.Load|x86.Build.0 = Release|Any CPU
		{FB1FC7C7-B5CC-4419-A39C-A6DDD2F9536F}.QA|Any CPU.ActiveCfg = Release|Any CPU
		{FB1FC7C7-B5CC-4419-A39C-A6DDD2F9536F}.QA|Any CPU.Build.0 = Release|Any CPU
		{FB1FC7C7-B5CC-4419-A39C-A6DDD2F9536F}.QA|x86.ActiveCfg = Release|Any CPU
		{FB1FC7C7-B5CC-4419-A39C-A6DDD2F9536F}.QA|x86.Build.0 = Release|Any CPU
		{FB1FC7C7-B5CC-4419-A39C-A6DDD2F9536F}.Release|Any CPU.ActiveCfg = Release|Any CPU
		{FB1FC7C7-B5CC-4419-A39C-A6DDD2F9536F}.Release|Any CPU.Build.0 = Release|Any CPU
		{FB1FC7C7-B5CC-4419-A39C-A6DDD2F9536F}.Release|x86.ActiveCfg = Release|Any CPU
		{FB1FC7C7-B5CC-4419-A39C-A6DDD2F9536F}.Release|x86.Build.0 = Release|Any CPU
		{FB1FC7C7-B5CC-4419-A39C-A6DDD2F9536F}.Staging|Any CPU.ActiveCfg = Release|Any CPU
		{FB1FC7C7-B5CC-4419-A39C-A6DDD2F9536F}.Staging|Any CPU.Build.0 = Release|Any CPU
		{FB1FC7C7-B5CC-4419-A39C-A6DDD2F9536F}.Staging|x86.ActiveCfg = Release|Any CPU
		{FB1FC7C7-B5CC-4419-A39C-A6DDD2F9536F}.Staging|x86.Build.0 = Release|Any CPU
		{06BE73B8-9977-4A7C-9C01-F3B426A802D6}.Debug|Any CPU.ActiveCfg = Debug|Any CPU
		{06BE73B8-9977-4A7C-9C01-F3B426A802D6}.Debug|Any CPU.Build.0 = Debug|Any CPU
		{06BE73B8-9977-4A7C-9C01-F3B426A802D6}.Debug|x86.ActiveCfg = Debug|Any CPU
		{06BE73B8-9977-4A7C-9C01-F3B426A802D6}.Debug|x86.Build.0 = Debug|Any CPU
		{06BE73B8-9977-4A7C-9C01-F3B426A802D6}.Demo|Any CPU.ActiveCfg = Debug|Any CPU
		{06BE73B8-9977-4A7C-9C01-F3B426A802D6}.Demo|Any CPU.Build.0 = Debug|Any CPU
		{06BE73B8-9977-4A7C-9C01-F3B426A802D6}.Demo|x86.ActiveCfg = Debug|Any CPU
		{06BE73B8-9977-4A7C-9C01-F3B426A802D6}.Demo|x86.Build.0 = Debug|Any CPU
		{06BE73B8-9977-4A7C-9C01-F3B426A802D6}.Dev|Any CPU.ActiveCfg = Debug|Any CPU
		{06BE73B8-9977-4A7C-9C01-F3B426A802D6}.Dev|Any CPU.Build.0 = Debug|Any CPU
		{06BE73B8-9977-4A7C-9C01-F3B426A802D6}.Dev|x86.ActiveCfg = Debug|Any CPU
		{06BE73B8-9977-4A7C-9C01-F3B426A802D6}.Dev|x86.Build.0 = Debug|Any CPU
		{06BE73B8-9977-4A7C-9C01-F3B426A802D6}.Load|Any CPU.ActiveCfg = Release|Any CPU
		{06BE73B8-9977-4A7C-9C01-F3B426A802D6}.Load|Any CPU.Build.0 = Release|Any CPU
		{06BE73B8-9977-4A7C-9C01-F3B426A802D6}.Load|x86.ActiveCfg = Release|Any CPU
		{06BE73B8-9977-4A7C-9C01-F3B426A802D6}.Load|x86.Build.0 = Release|Any CPU
		{06BE73B8-9977-4A7C-9C01-F3B426A802D6}.QA|Any CPU.ActiveCfg = Release|Any CPU
		{06BE73B8-9977-4A7C-9C01-F3B426A802D6}.QA|Any CPU.Build.0 = Release|Any CPU
		{06BE73B8-9977-4A7C-9C01-F3B426A802D6}.QA|x86.ActiveCfg = Release|Any CPU
		{06BE73B8-9977-4A7C-9C01-F3B426A802D6}.QA|x86.Build.0 = Release|Any CPU
		{06BE73B8-9977-4A7C-9C01-F3B426A802D6}.Release|Any CPU.ActiveCfg = Release|Any CPU
		{06BE73B8-9977-4A7C-9C01-F3B426A802D6}.Release|Any CPU.Build.0 = Release|Any CPU
		{06BE73B8-9977-4A7C-9C01-F3B426A802D6}.Release|x86.ActiveCfg = Release|Any CPU
		{06BE73B8-9977-4A7C-9C01-F3B426A802D6}.Release|x86.Build.0 = Release|Any CPU
		{06BE73B8-9977-4A7C-9C01-F3B426A802D6}.Staging|Any CPU.ActiveCfg = Release|Any CPU
		{06BE73B8-9977-4A7C-9C01-F3B426A802D6}.Staging|Any CPU.Build.0 = Release|Any CPU
		{06BE73B8-9977-4A7C-9C01-F3B426A802D6}.Staging|x86.ActiveCfg = Release|Any CPU
		{06BE73B8-9977-4A7C-9C01-F3B426A802D6}.Staging|x86.Build.0 = Release|Any CPU
	EndGlobalSection
	GlobalSection(SolutionProperties) = preSolution
		HideSolutionNode = FALSE
	EndGlobalSection
	GlobalSection(NestedProjects) = preSolution
		{8220B58E-E525-4C44-B29E-BB6F3BF1D0C1} = {21D92210-6AAB-4703-9A0F-3081DB8E590B}
		{ED92445B-ED84-4C05-8C46-78644D05AA7C} = {B64681BB-F7EA-4E6F-A819-8BE87E414653}
		{FB1FC7C7-B5CC-4419-A39C-A6DDD2F9536F} = {21D92210-6AAB-4703-9A0F-3081DB8E590B}
		{06BE73B8-9977-4A7C-9C01-F3B426A802D6} = {21D92210-6AAB-4703-9A0F-3081DB8E590B}
	EndGlobalSection
EndGlobal
